// !$*UTF8*$!
{
	archiveVersion = 1;
	classes = {
	};
	objectVersion = 46;
	objects = {

/* Begin PBXBuildFile section */
		96CEA5751C0D24240041DCC9 /* main.cpp in Sources */ = {isa = PBXBuildFile; fileRef = 96CEA5741C0D24240041DCC9 /* main.cpp */; };
		96CEA57D1C0D25480041DCC9 /* FibonacciNR.cpp in Sources */ = {isa = PBXBuildFile; fileRef = 96CEA57B1C0D25480041DCC9 /* FibonacciNR.cpp */; };
		96CEA5801C0D268D0041DCC9 /* FibonacciR.cpp in Sources */ = {isa = PBXBuildFile; fileRef = 96CEA57E1C0D268D0041DCC9 /* FibonacciR.cpp */; };
/* End PBXBuildFile section */

/* Begin PBXCopyFilesBuildPhase section */
		96CEA56F1C0D24240041DCC9 /* CopyFiles */ = {
			isa = PBXCopyFilesBuildPhase;
			buildActionMask = 2147483647;
			dstPath = /usr/share/man/man1/;
			dstSubfolderSpec = 0;
			files = (
			);
			runOnlyForDeploymentPostprocessing = 1;
		};
/* End PBXCopyFilesBuildPhase section */

/* Begin PBXFileReference section */
		96CEA5711C0D24240041DCC9 /* Lab10 */ = {isa = PBXFileReference; explicitFileType = "compiled.mach-o.executable"; includeInIndex = 0; path = Lab10; sourceTree = BUILT_PRODUCTS_DIR; };
		96CEA5741C0D24240041DCC9 /* main.cpp */ = {isa = PBXFileReference; lastKnownFileType = sourcecode.cpp.cpp; path = main.cpp; sourceTree = "<group>"; };
		96CEA57B1C0D25480041DCC9 /* FibonacciNR.cpp */ = {isa = PBXFileReference; fileEncoding = 4; lastKnownFileType = sourcecode.cpp.cpp; path = FibonacciNR.cpp; sourceTree = "<group>"; };
		96CEA57C1C0D25480041DCC9 /* FibonacciNR.hpp */ = {isa = PBXFileReference; fileEncoding = 4; lastKnownFileType = sourcecode.cpp.h; path = FibonacciNR.hpp; sourceTree = "<group>"; };
		96CEA57E1C0D268D0041DCC9 /* FibonacciR.cpp */ = {isa = PBXFileReference; fileEncoding = 4; lastKnownFileType = sourcecode.cpp.cpp; path = FibonacciR.cpp; sourceTree = "<group>"; };
		96CEA57F1C0D268D0041DCC9 /* FibonacciR.hpp */ = {isa = PBXFileReference; fileEncoding = 4; lastKnownFileType = sourcecode.cpp.h; path = FibonacciR.hpp; sourceTree = "<group>"; };
/* End PBXFileReference section */

/* Begin PBXFrameworksBuildPhase section */
		96CEA56E1C0D24240041DCC9 /* Frameworks */ = {
			isa = PBXFrameworksBuildPhase;
			buildActionMask = 2147483647;
			files = (
			);
			runOnlyForDeploymentPostprocessing = 0;
		};
/* End PBXFrameworksBuildPhase section */

/* Begin PBXGroup section */
		96CEA5681C0D24240041DCC9 = {
			isa = PBXGroup;
			children = (
				96CEA5731C0D24240041DCC9 /* Lab10 */,
				96CEA5721C0D24240041DCC9 /* Products */,
			);
			sourceTree = "<group>";
		};
		96CEA5721C0D24240041DCC9 /* Products */ = {
			isa = PBXGroup;
			children = (
				96CEA5711C0D24240041DCC9 /* Lab10 */,
			);
			name = Products;
			sourceTree = "<group>";
		};
		96CEA5731C0D24240041DCC9 /* Lab10 */ = {
			isa = PBXGroup;
			children = (
				96CEA5741C0D24240041DCC9 /* main.cpp */,
				96CEA57B1C0D25480041DCC9 /* FibonacciNR.cpp */,
				96CEA57C1C0D25480041DCC9 /* FibonacciNR.hpp */,
				96CEA57E1C0D268D0041DCC9 /* FibonacciR.cpp */,
				96CEA57F1C0D268D0041DCC9 /* FibonacciR.hpp */,
			);
			path = Lab10;
			sourceTree = "<group>";
		};
/* End PBXGroup section */

/* Begin PBXNativeTarget section */
		96CEA5701C0D24240041DCC9 /* Lab10 */ = {
			isa = PBXNativeTarget;
			buildConfigurationList = 96CEA5781C0D24240041DCC9 /* Build configuration list for PBXNativeTarget "Lab10" */;
			buildPhases = (
				96CEA56D1C0D24240041DCC9 /* Sources */,
				96CEA56E1C0D24240041DCC9 /* Frameworks */,
				96CEA56F1C0D24240041DCC9 /* CopyFiles */,
			);
			buildRules = (
			);
			dependencies = (
			);
			name = Lab10;
			productName = Lab10;
			productReference = 96CEA5711C0D24240041DCC9 /* Lab10 */;
			productType = "com.apple.product-type.tool";
		};
/* End PBXNativeTarget section */

/* Begin PBXProject section */
		96CEA5691C0D24240041DCC9 /* Project object */ = {
			isa = PBXProject;
			attributes = {
				LastUpgradeCheck = 0710;
				ORGANIZATIONNAME = "Jason Cearley";
				TargetAttributes = {
					96CEA5701C0D24240041DCC9 = {
						CreatedOnToolsVersion = 7.1.1;
					};
				};
			};
			buildConfigurationList = 96CEA56C1C0D24240041DCC9 /* Build configuration list for PBXProject "Lab10" */;
			compatibilityVersion = "Xcode 3.2";
			developmentRegion = English;
			hasScannedForEncodings = 0;
			knownRegions = (
				en,
			);
			mainGroup = 96CEA5681C0D24240041DCC9;
			productRefGroup = 96CEA5721C0D24240041DCC9 /* Products */;
			projectDirPath = "";
			projectRoot = "";
			targets = (
				96CEA5701C0D24240041DCC9 /* Lab10 */,
			);
		};
/* End PBXProject section */

/* Begin PBXSourcesBuildPhase section */
		96CEA56D1C0D24240041DCC9 /* Sources */ = {
			isa = PBXSourcesBuildPhase;
			buildActionMask = 2147483647;
			files = (
				96CEA57D1C0D25480041DCC9 /* FibonacciNR.cpp in Sources */,
				96CEA5801C0D268D0041DCC9 /* FibonacciR.cpp in Sources */,
				96CEA5751C0D24240041DCC9 /* main.cpp in Sources */,
			);
			runOnlyForDeploymentPostprocessing = 0;
		};
/* End PBXSourcesBuildPhase section */

/* Begin XCBuildConfiguration section */
		96CEA5761C0D24240041DCC9 /* Debug */ = {
			isa = XCBuildConfiguration;
			buildSettings = {
				ALWAYS_SEARCH_USER_PATHS = NO;
				CLANG_CXX_LANGUAGE_STANDARD = "gnu++0x";
				CLANG_CXX_LIBRARY = "libc++";
				CLANG_ENABLE_MODULES = YES;
				CLANG_ENABLE_OBJC_ARC = YES;
				CLANG_WARN_BOOL_CONVERSION = YES;
				CLANG_WARN_CONSTANT_CONVERSION = YES;
				CLANG_WARN_DIRECT_OBJC_ISA_USAGE = YES_ERROR;
				CLANG_WARN_EMPTY_BODY = YES;
				CLANG_WARN_ENUM_CONVERSION = YES;
				CLANG_WARN_INT_CONVERSION = YES;
				CLANG_WARN_OBJC_ROOT_CLASS = YES_ERROR;
				CLANG_WARN_UNREACHABLE_CODE = YES;
				CLANG_WARN__DUPLICATE_METHOD_MATCH = YES;
				CODE_SIGN_IDENTITY = "-";
				COPY_PHASE_STRIP = NO;
				DEBUG_INFORMATION_FORMAT = dwarf;
				ENABLE_STRICT_OBJC_MSGSEND = YES;
				ENABLE_TESTABILITY = YES;
				GCC_C_LANGUAGE_STANDARD = gnu99;
				GCC_DYNAMIC_NO_PIC = NO;
				GCC_NO_COMMON_BLOCKS = YES;
				GCC_OPTIMIZATION_LEVEL = 0;
				GCC_PREPROCESSOR_DEFINITIONS = (
					"DEBUG=1",
					"$(inherited)",
				);
				GCC_WARN_64_TO_32_BIT_CONVERSION = YES;
				GCC_WARN_ABOUT_RETURN_TYPE = YES_ERROR;
				GCC_WARN_UNDECLARED_SELECTOR = YES;
				GCC_WARN_UNINITIALIZED_AUTOS = YES_AGGRESSIVE;
				GCC_WARN_UNUSED_FUNCTION = YES;
				GCC_WARN_UNUSED_VARIABLE = YES;
				MACOSX_DEPLOYMENT_TARGET = 10.11;
				MTL_ENABLE_DEBUG_INFO = YES;
				ONLY_ACTIVE_ARCH = YES;
				SDKROOT = macosx;
			};
			name = Debug;
		};
		96CEA5771C0D24240041DCC9 /* Release */ = {
			isa = XCBuildConfiguration;
			buildSettings = {
				ALWAYS_SEARCH_USER_PATHS = NO;
				CLANG_CXX_LANGUAGE_STANDARD = "gnu++0x";
				CLANG_CXX_LIBRARY = "libc++";
				CLANG_ENABLE_MODULES = YES;
				CLANG_ENABLE_OBJC_ARC = YES;
				CLANG_WARN_BOOL_CONVERSION = YES;
				CLANG_WARN_CONSTANT_CONVERSION = YES;
				CLANG_WARN_DIRECT_OBJC_ISA_USAGE = YES_ERROR;
				CLANG_WARN_EMPTY_BODY = YES;
				CLANG_WARN_ENUM_CONVERSION = YES;
				CLANG_WARN_INT_CONVERSION = YES;
				CLANG_WARN_OBJC_ROOT_CLASS = YES_ERROR;
				CLANG_WARN_UNREACHABLE_CODE = YES;
				CLANG_WARN__DUPLICATE_METHOD_MATCH = YES;
				CODE_SIGN_IDENTITY = "-";
				COPY_PHASE_STRIP = NO;
				DEBUG_INFORMATION_FORMAT = "dwarf-with-dsym";
				ENABLE_NS_ASSERTIONS = NO;
				ENABLE_STRICT_OBJC_MSGSEND = YES;
				GCC_C_LANGUAGE_STANDARD = gnu99;
				GCC_NO_COMMON_BLOCKS = YES;
				GCC_WARN_64_TO_32_BIT_CONVERSION = YES;
				GCC_WARN_ABOUT_RETURN_TYPE = YES_ERROR;
				GCC_WARN_UNDECLARED_SELECTOR = YES;
				GCC_WARN_UNINITIALIZED_AUTOS = YES_AGGRESSIVE;
				GCC_WARN_UNUSED_FUNCTION = YES;
				GCC_WARN_UNUSED_VARIABLE = YES;
				MACOSX_DEPLOYMENT_TARGET = 10.11;
				MTL_ENABLE_DEBUG_INFO = NO;
				SDKROOT = macosx;
			};
			name = Release;
		};
		96CEA5791C0D24240041DCC9 /* Debug */ = {
			isa = XCBuildConfiguration;
			buildSettings = {
				PRODUCT_NAME = "$(TARGET_NAME)";
			};
			name = Debug;
		};
		96CEA57A1C0D24240041DCC9 /* Release */ = {
			isa = XCBuildConfiguration;
			buildSettings = {
				PRODUCT_NAME = "$(TARGET_NAME)";
			};
			name = Release;
		};
/* End XCBuildConfiguration section */

/* Begin XCConfigurationList section */
		96CEA56C1C0D24240041DCC9 /* Build configuration list for PBXProject "Lab10" */ = {
			isa = XCConfigurationList;
			buildConfigurations = (
				96CEA5761C0D24240041DCC9 /* Debug */,
				96CEA5771C0D24240041DCC9 /* Release */,
			);
			defaultConfigurationIsVisible = 0;
			defaultConfigurationName = Release;
		};
		96CEA5781C0D24240041DCC9 /* Build configuration list for PBXNativeTarget "Lab10" */ = {
			isa = XCConfigurationList;
			buildConfigurations = (
				96CEA5791C0D24240041DCC9 /* Debug */,
				96CEA57A1C0D24240041DCC9 /* Release */,
			);
			defaultConfigurationIsVisible = 0;
		};
/* End XCConfigurationList section */
	};
	rootObject = 96CEA5691C0D24240041DCC9 /* Project object */;
}
